{
  "name": "project2425-groep1-15",
  "lockfileVersion": 3,
  "requires": true,
  "packages": {
    "": {
      "dependencies": {
        "dotenv": "^16.4.5",
        "use-interval": "^1.4.0"
      }
    },
    "node_modules/dotenv": {
      "version": "16.4.5",
      "resolved": "https://registry.npmjs.org/dotenv/-/dotenv-16.4.5.tgz",
      "integrity": "sha512-ZmdL2rui+eB2YwhsWzjInR8LldtZHGDoQ1ugH85ppHKwpUHL7j7rN0Ti9NCnGiQbhaZ11FpR+7ao1dNsmduNUg==",
      "license": "BSD-2-Clause",
      "engines": {
        "node": ">=12"
      },
      "funding": {
        "url": "https://dotenvx.com/"
      }
    },
    "node_modules/react": {
      "version": "19.0.0",
      "resolved": "https://registry.npmjs.org/react/-/react-19.0.0.tgz",
      "integrity": "sha512-V8AVnmPIICiWpGfm6GLzCR/W5FXLchHop40W4nXBmdlEceh16rCN8O8LNWm5bh5XUX91fh7KpA+W0TgMKmgTpQ==",
      "license": "MIT",
      "peer": true,
      "engines": {
        "node": ">=0.10.0"
      }
    },
    "node_modules/use-interval": {
      "version": "1.4.0",
      "resolved": "https://registry.npmjs.org/use-interval/-/use-interval-1.4.0.tgz",
      "integrity": "sha512-1betIJun2rXKLxa30AFOBZCeZhsBJoJ/3+gkCeYbJ63lAR//EnAb1NjNeFqzgqeM7zQfR76rrCUaA8DvfgoOpA==",
      "license": "MIT",
      "engines": {
        "node": ">=8",
        "npm": ">=5"
      },
      "peerDependencies": {
        "react": ">=16.8.0 || ^17"
      }
    }
  }
}
